
Microsoft Visual Studio Solution File, Format Version 12.00
# Visual Studio Version 16
VisualStudioVersion = 16.0.33423.256
MinimumVisualStudioVersion = 10.0.40219.1
Project("{FAE04EC0-301F-11D3-BF4B-00C04F79EFBC}") = "GRpc.API", "GRpc.API\GRpc.API.csproj", "{26485692-38B1-4026-B9FF-12486C20F269}"
EndProject
Project("{FAE04EC0-301F-11D3-BF4B-00C04F79EFBC}") = "GRpc.Server", "GRpc.Server\GRpc.Server.csproj", "{6FEE7AF4-DA6B-443F-B896-62001C34CE7A}"
EndProject
Project("{F184B08F-C81C-45F6-A57F-5ABD9991F28F}") = "GRpc.Server.VB", "GRpc.Server.VB\GRpc.Server.VB.vbproj", "{EF9771F2-05E5-488A-AD0E-340C571074C7}"
EndProject
Global
	GlobalSection(SolutionConfigurationPlatforms) = preSolution
		Debug|Any CPU = Debug|Any CPU
		Release|Any CPU = Release|Any CPU
	EndGlobalSection
	GlobalSection(ProjectConfigurationPlatforms) = postSolution
		{26485692-38B1-4026-B9FF-12486C20F269}.Debug|Any CPU.ActiveCfg = Debug|Any CPU
		{26485692-38B1-4026-B9FF-12486C20F269}.Debug|Any CPU.Build.0 = Debug|Any CPU
		{26485692-38B1-4026-B9FF-12486C20F269}.Release|Any CPU.ActiveCfg = Release|Any CPU
		{26485692-38B1-4026-B9FF-12486C20F269}.Release|Any CPU.Build.0 = Release|Any CPU
		{6FEE7AF4-DA6B-443F-B896-62001C34CE7A}.Debug|Any CPU.ActiveCfg = Debug|Any CPU
		{6FEE7AF4-DA6B-443F-B896-62001C34CE7A}.Debug|Any CPU.Build.0 = Debug|Any CPU
		{6FEE7AF4-DA6B-443F-B896-62001C34CE7A}.Release|Any CPU.ActiveCfg = Release|Any CPU
		{6FEE7AF4-DA6B-443F-B896-62001C34CE7A}.Release|Any CPU.Build.0 = Release|Any CPU
		{EF9771F2-05E5-488A-AD0E-340C571074C7}.Debug|Any CPU.ActiveCfg = Debug|Any CPU
		{EF9771F2-05E5-488A-AD0E-340C571074C7}.Debug|Any CPU.Build.0 = Debug|Any CPU
		{EF9771F2-05E5-488A-AD0E-340C571074C7}.Release|Any CPU.ActiveCfg = Release|Any CPU
		{EF9771F2-05E5-488A-AD0E-340C571074C7}.Release|Any CPU.Build.0 = Release|Any CPU
	EndGlobalSection
	GlobalSection(SolutionProperties) = preSolution
		HideSolutionNode = FALSE
	EndGlobalSection
	GlobalSection(ExtensibilityGlobals) = postSolution
		SolutionGuid = {D871D07F-36EC-4044-B55A-EC7159083FA1}
	EndGlobalSection
EndGlobal
